
Microsoft Visual Studio Solution File, Format Version 12.00
# Visual Studio Version 16
VisualStudioVersion = 16.0.30320.27
MinimumVisualStudioVersion = 10.0.40219.1
Project("{FAE04EC0-301F-11D3-BF4B-00C04F79EFBC}") = "Conect Roleplay Launcher", "Conect Roleplay Launcher\Conect Roleplay Launcher.csproj", "{24A33695-D1F2-4F1D-9BBA-E4EC0E3E8C9B}"
EndProject
Global
	GlobalSection(SolutionConfigurationPlatforms) = preSolution
		Debug|Any CPU = Debug|Any CPU
		Release|Any CPU = Release|Any CPU
	EndGlobalSection
	GlobalSection(ProjectConfigurationPlatforms) = postSolution
		{24A33695-D1F2-4F1D-9BBA-E4EC0E3E8C9B}.Debug|Any CPU.ActiveCfg = Debug|Any CPU
		{24A33695-D1F2-4F1D-9BBA-E4EC0E3E8C9B}.Debug|Any CPU.Build.0 = Debug|Any CPU
		{24A33695-D1F2-4F1D-9BBA-E4EC0E3E8C9B}.Release|Any CPU.ActiveCfg = Release|Any CPU
		{24A33695-D1F2-4F1D-9BBA-E4EC0E3E8C9B}.Release|Any CPU.Build.0 = Release|Any CPU
	EndGlobalSection
	GlobalSection(SolutionProperties) = preSolution
		HideSolutionNode = FALSE
	EndGlobalSection
	GlobalSection(ExtensibilityGlobals) = postSolution
		SolutionGuid = {E9DD0EFB-F593-4312-9474-9A1406B6D128}
	EndGlobalSection
EndGlobal
